
Microsoft Visual Studio Solution File, Format Version 12.00
# Visual Studio Version 17
VisualStudioVersion = 17.7.34018.315
MinimumVisualStudioVersion = 10.0.40219.1
Project("{FAE04EC0-301F-11D3-BF4B-00C04F79EFBC}") = "dnMatcher", "dnMatcher\dnMatcher.csproj", "{774EC27E-83FB-4738-B646-CEB2A3C26383}"
EndProject
Global
	GlobalSection(SolutionConfigurationPlatforms) = preSolution
		Debug|Any CPU = Debug|Any CPU
		Release|Any CPU = Release|Any CPU
	EndGlobalSection
	GlobalSection(ProjectConfigurationPlatforms) = postSolution
		{774EC27E-83FB-4738-B646-CEB2A3C26383}.Debug|Any CPU.ActiveCfg = Debug|Any CPU
		{774EC27E-83FB-4738-B646-CEB2A3C26383}.Debug|Any CPU.Build.0 = Debug|Any CPU
		{774EC27E-83FB-4738-B646-CEB2A3C26383}.Release|Any CPU.ActiveCfg = Release|Any CPU
		{774EC27E-83FB-4738-B646-CEB2A3C26383}.Release|Any CPU.Build.0 = Release|Any CPU
	EndGlobalSection
	GlobalSection(SolutionProperties) = preSolution
		HideSolutionNode = FALSE
	EndGlobalSection
	GlobalSection(ExtensibilityGlobals) = postSolution
		SolutionGuid = {667BAEC4-FC9E-422B-9077-883E53F5DC8D}
	EndGlobalSection
EndGlobal
